
Microsoft Visual Studio Solution File, Format Version 12.00
# Visual Studio Version 16
VisualStudioVersion = 16.0.30503.244
MinimumVisualStudioVersion = 10.0.40219.1
Project("{9A19103F-16F7-4668-BE54-9A1E7A4F7556}") = "App6", "App6.csproj", "{67200133-E19C-425F-BA6C-3F662E50F88C}"
EndProject
Project("{9A19103F-16F7-4668-BE54-9A1E7A4F7556}") = "App6.Core", "..\App6.Core\App6.Core.csproj", "{0280D53D-74F3-4619-A872-5E0FB0A54D8C}"
EndProject
Global
	GlobalSection(SolutionConfigurationPlatforms) = preSolution
		Debug|Any CPU = Debug|Any CPU
		Release|Any CPU = Release|Any CPU
	EndGlobalSection
	GlobalSection(ProjectConfigurationPlatforms) = postSolution
		{67200133-E19C-425F-BA6C-3F662E50F88C}.Debug|Any CPU.ActiveCfg = Debug|Any CPU
		{67200133-E19C-425F-BA6C-3F662E50F88C}.Debug|Any CPU.Build.0 = Debug|Any CPU
		{67200133-E19C-425F-BA6C-3F662E50F88C}.Release|Any CPU.ActiveCfg = Release|Any CPU
		{67200133-E19C-425F-BA6C-3F662E50F88C}.Release|Any CPU.Build.0 = Release|Any CPU
		{0280D53D-74F3-4619-A872-5E0FB0A54D8C}.Debug|Any CPU.ActiveCfg = Debug|Any CPU
		{0280D53D-74F3-4619-A872-5E0FB0A54D8C}.Debug|Any CPU.Build.0 = Debug|Any CPU
		{0280D53D-74F3-4619-A872-5E0FB0A54D8C}.Release|Any CPU.ActiveCfg = Release|Any CPU
		{0280D53D-74F3-4619-A872-5E0FB0A54D8C}.Release|Any CPU.Build.0 = Release|Any CPU
	EndGlobalSection
	GlobalSection(SolutionProperties) = preSolution
		HideSolutionNode = FALSE
	EndGlobalSection
	GlobalSection(ExtensibilityGlobals) = postSolution
		SolutionGuid = {CE9DA2A4-328E-4393-BF3C-1D444AD64B43}
	EndGlobalSection
EndGlobal
